
Microsoft Visual Studio Solution File, Format Version 12.00
# Visual Studio Version 17
VisualStudioVersion = 17.4.33205.214
MinimumVisualStudioVersion = 10.0.40219.1
Project("{FAE04EC0-301F-11D3-BF4B-00C04F79EFBC}") = "WebApplication1", "WebApplication1\WebApplication1.csproj", "{819B775C-831B-4153-AAFE-FF25C0F190B5}"
EndProject
Global
	GlobalSection(SolutionConfigurationPlatforms) = preSolution
		Debug|Any CPU = Debug|Any CPU
		Release|Any CPU = Release|Any CPU
	EndGlobalSection
	GlobalSection(ProjectConfigurationPlatforms) = postSolution
		{819B775C-831B-4153-AAFE-FF25C0F190B5}.Debug|Any CPU.ActiveCfg = Debug|Any CPU
		{819B775C-831B-4153-AAFE-FF25C0F190B5}.Debug|Any CPU.Build.0 = Debug|Any CPU
		{819B775C-831B-4153-AAFE-FF25C0F190B5}.Release|Any CPU.ActiveCfg = Release|Any CPU
		{819B775C-831B-4153-AAFE-FF25C0F190B5}.Release|Any CPU.Build.0 = Release|Any CPU
	EndGlobalSection
	GlobalSection(SolutionProperties) = preSolution
		HideSolutionNode = FALSE
	EndGlobalSection
	GlobalSection(ExtensibilityGlobals) = postSolution
		SolutionGuid = {CBA95D71-71CF-4CE2-84EC-33D81A3407B0}
	EndGlobalSection
EndGlobal
